// !$*UTF8*$!
{
	archiveVersion = 1;
	classes = {
	};
	objectVersion = 46;
	objects = {

/* Begin PBXBuildFile section */
		EDD879AF1B9BD08E00C6D45C /* main.m in Sources */ = {isa = PBXBuildFile; fileRef = EDD879AE1B9BD08E00C6D45C /* main.m */; };
		EDD879B21B9BD08E00C6D45C /* AppDelegate.m in Sources */ = {isa = PBXBuildFile; fileRef = EDD879B11B9BD08E00C6D45C /* AppDelegate.m */; };
		EDD879B51B9BD08E00C6D45C /* ViewController.m in Sources */ = {isa = PBXBuildFile; fileRef = EDD879B41B9BD08E00C6D45C /* ViewController.m */; };
		EDD879B81B9BD08E00C6D45C /* Main.storyboard in Resources */ = {isa = PBXBuildFile; fileRef = EDD879B61B9BD08E00C6D45C /* Main.storyboard */; };
		EDD879BA1B9BD08E00C6D45C /* Images.xcassets in Resources */ = {isa = PBXBuildFile; fileRef = EDD879B91B9BD08E00C6D45C /* Images.xcassets */; };
		EDD879BD1B9BD08E00C6D45C /* LaunchScreen.xib in Resources */ = {isa = PBXBuildFile; fileRef = EDD879BB1B9BD08E00C6D45C /* LaunchScreen.xib */; };
		EDD879C91B9BD08E00C6D45C /* UINavigationDemo1Tests.m in Sources */ = {isa = PBXBuildFile; fileRef = EDD879C81B9BD08E00C6D45C /* UINavigationDemo1Tests.m */; };
		EDD879D51B9BD15200C6D45C /* RootViewController.m in Sources */ = {isa = PBXBuildFile; fileRef = EDD879D41B9BD15200C6D45C /* RootViewController.m */; };
		EDD879D81B9BD19100C6D45C /* FirstViewController.m in Sources */ = {isa = PBXBuildFile; fileRef = EDD879D71B9BD19100C6D45C /* FirstViewController.m */; };
		EDD879DB1B9BD1A100C6D45C /* SecondViewController.m in Sources */ = {isa = PBXBuildFile; fileRef = EDD879DA1B9BD1A100C6D45C /* SecondViewController.m */; };
		EDD879DE1B9BD1AE00C6D45C /* ThirdViewController.m in Sources */ = {isa = PBXBuildFile; fileRef = EDD879DD1B9BD1AE00C6D45C /* ThirdViewController.m */; };
		EDD879EC1B9BD91400C6D45C /* back.png in Resources */ = {isa = PBXBuildFile; fileRef = EDD879E01B9BD91400C6D45C /* back.png */; };
		EDD879ED1B9BD91400C6D45C /* btnbg.png in Resources */ = {isa = PBXBuildFile; fileRef = EDD879E11B9BD91400C6D45C /* btnbg.png */; };
		EDD879EE1B9BD91400C6D45C /* btntypeselect.png in Resources */ = {isa = PBXBuildFile; fileRef = EDD879E21B9BD91400C6D45C /* btntypeselect.png */; };
		EDD879EF1B9BD91400C6D45C /* btnUnselect.png in Resources */ = {isa = PBXBuildFile; fileRef = EDD879E31B9BD91400C6D45C /* btnUnselect.png */; };
		EDD879F01B9BD91400C6D45C /* del.png in Resources */ = {isa = PBXBuildFile; fileRef = EDD879E41B9BD91400C6D45C /* del.png */; };
		EDD879F11B9BD91400C6D45C /* dw_order.png in Resources */ = {isa = PBXBuildFile; fileRef = EDD879E51B9BD91400C6D45C /* dw_order.png */; };
		EDD879F21B9BD91400C6D45C /* jia.png in Resources */ = {isa = PBXBuildFile; fileRef = EDD879E61B9BD91400C6D45C /* jia.png */; };
		EDD879F31B9BD91400C6D45C /* jian.png in Resources */ = {isa = PBXBuildFile; fileRef = EDD879E71B9BD91400C6D45C /* jian.png */; };
		EDD879F41B9BD91400C6D45C /* navigationbg.png in Resources */ = {isa = PBXBuildFile; fileRef = EDD879E81B9BD91400C6D45C /* navigationbg.png */; };
		EDD879F51B9BD91400C6D45C /* new_select@2x.png in Resources */ = {isa = PBXBuildFile; fileRef = EDD879E91B9BD91400C6D45C /* new_select@2x.png */; };
		EDD879F61B9BD91400C6D45C /* rightButton_storeList.png in Resources */ = {isa = PBXBuildFile; fileRef = EDD879EA1B9BD91400C6D45C /* rightButton_storeList.png */; };
		EDD879F71B9BD91400C6D45C /* rightWhite_order1.png in Resources */ = {isa = PBXBuildFile; fileRef = EDD879EB1B9BD91400C6D45C /* rightWhite_order1.png */; };
/* End PBXBuildFile section */

/* Begin PBXContainerItemProxy section */
		EDD879C31B9BD08E00C6D45C /* PBXContainerItemProxy */ = {
			isa = PBXContainerItemProxy;
			containerPortal = EDD879A11B9BD08E00C6D45C /* Project object */;
			proxyType = 1;
			remoteGlobalIDString = EDD879A81B9BD08E00C6D45C;
			remoteInfo = UINavigationDemo1;
		};
/* End PBXContainerItemProxy section */

/* Begin PBXFileReference section */
		EDD879A91B9BD08E00C6D45C /* UINavigationDemo1.app */ = {isa = PBXFileReference; explicitFileType = wrapper.application; includeInIndex = 0; path = UINavigationDemo1.app; sourceTree = BUILT_PRODUCTS_DIR; };
		EDD879AD1B9BD08E00C6D45C /* Info.plist */ = {isa = PBXFileReference; lastKnownFileType = text.plist.xml; path = Info.plist; sourceTree = "<group>"; };
		EDD879AE1B9BD08E00C6D45C /* main.m */ = {isa = PBXFileReference; lastKnownFileType = sourcecode.c.objc; path = main.m; sourceTree = "<group>"; };
		EDD879B01B9BD08E00C6D45C /* AppDelegate.h */ = {isa = PBXFileReference; lastKnownFileType = sourcecode.c.h; path = AppDelegate.h; sourceTree = "<group>"; };
		EDD879B11B9BD08E00C6D45C /* AppDelegate.m */ = {isa = PBXFileReference; lastKnownFileType = sourcecode.c.objc; path = AppDelegate.m; sourceTree = "<group>"; };
		EDD879B31B9BD08E00C6D45C /* ViewController.h */ = {isa = PBXFileReference; lastKnownFileType = sourcecode.c.h; path = ViewController.h; sourceTree = "<group>"; };
		EDD879B41B9BD08E00C6D45C /* ViewController.m */ = {isa = PBXFileReference; lastKnownFileType = sourcecode.c.objc; path = ViewController.m; sourceTree = "<group>"; };
		EDD879B71B9BD08E00C6D45C /* Base */ = {isa = PBXFileReference; lastKnownFileType = file.storyboard; name = Base; path = Base.lproj/Main.storyboard; sourceTree = "<group>"; };
		EDD879B91B9BD08E00C6D45C /* Images.xcassets */ = {isa = PBXFileReference; lastKnownFileType = folder.assetcatalog; path = Images.xcassets; sourceTree = "<group>"; };
		EDD879BC1B9BD08E00C6D45C /* Base */ = {isa = PBXFileReference; lastKnownFileType = file.xib; name = Base; path = Base.lproj/LaunchScreen.xib; sourceTree = "<group>"; };
		EDD879C21B9BD08E00C6D45C /* UINavigationDemo1Tests.xctest */ = {isa = PBXFileReference; explicitFileType = wrapper.cfbundle; includeInIndex = 0; path = UINavigationDemo1Tests.xctest; sourceTree = BUILT_PRODUCTS_DIR; };
		EDD879C71B9BD08E00C6D45C /* Info.plist */ = {isa = PBXFileReference; lastKnownFileType = text.plist.xml; path = Info.plist; sourceTree = "<group>"; };
		EDD879C81B9BD08E00C6D45C /* UINavigationDemo1Tests.m */ = {isa = PBXFileReference; lastKnownFileType = sourcecode.c.objc; path = UINavigationDemo1Tests.m; sourceTree = "<group>"; };
		EDD879D31B9BD15200C6D45C /* RootViewController.h */ = {isa = PBXFileReference; fileEncoding = 4; lastKnownFileType = sourcecode.c.h; path = RootViewController.h; sourceTree = "<group>"; };
		EDD879D41B9BD15200C6D45C /* RootViewController.m */ = {isa = PBXFileReference; fileEncoding = 4; lastKnownFileType = sourcecode.c.objc; path = RootViewController.m; sourceTree = "<group>"; };
		EDD879D61B9BD19100C6D45C /* FirstViewController.h */ = {isa = PBXFileReference; fileEncoding = 4; lastKnownFileType = sourcecode.c.h; path = FirstViewController.h; sourceTree = "<group>"; };
		EDD879D71B9BD19100C6D45C /* FirstViewController.m */ = {isa = PBXFileReference; fileEncoding = 4; lastKnownFileType = sourcecode.c.objc; path = FirstViewController.m; sourceTree = "<group>"; };
		EDD879D91B9BD1A100C6D45C /* SecondViewController.h */ = {isa = PBXFileReference; fileEncoding = 4; lastKnownFileType = sourcecode.c.h; path = SecondViewController.h; sourceTree = "<group>"; };
		EDD879DA1B9BD1A100C6D45C /* SecondViewController.m */ = {isa = PBXFileReference; fileEncoding = 4; lastKnownFileType = sourcecode.c.objc; path = SecondViewController.m; sourceTree = "<group>"; };
		EDD879DC1B9BD1AE00C6D45C /* ThirdViewController.h */ = {isa = PBXFileReference; fileEncoding = 4; lastKnownFileType = sourcecode.c.h; path = ThirdViewController.h; sourceTree = "<group>"; };
		EDD879DD1B9BD1AE00C6D45C /* ThirdViewController.m */ = {isa = PBXFileReference; fileEncoding = 4; lastKnownFileType = sourcecode.c.objc; path = ThirdViewController.m; sourceTree = "<group>"; };
		EDD879E01B9BD91400C6D45C /* back.png */ = {isa = PBXFileReference; lastKnownFileType = image.png; path = back.png; sourceTree = "<group>"; };
		EDD879E11B9BD91400C6D45C /* btnbg.png */ = {isa = PBXFileReference; lastKnownFileType = image.png; path = btnbg.png; sourceTree = "<group>"; };
		EDD879E21B9BD91400C6D45C /* btntypeselect.png */ = {isa = PBXFileReference; lastKnownFileType = image.png; path = btntypeselect.png; sourceTree = "<group>"; };
		EDD879E31B9BD91400C6D45C /* btnUnselect.png */ = {isa = PBXFileReference; lastKnownFileType = image.png; path = btnUnselect.png; sourceTree = "<group>"; };
		EDD879E41B9BD91400C6D45C /* del.png */ = {isa = PBXFileReference; lastKnownFileType = image.png; path = del.png; sourceTree = "<group>"; };
		EDD879E51B9BD91400C6D45C /* dw_order.png */ = {isa = PBXFileReference; lastKnownFileType = image.png; path = dw_order.png; sourceTree = "<group>"; };
		EDD879E61B9BD91400C6D45C /* jia.png */ = {isa = PBXFileReference; lastKnownFileType = image.png; path = jia.png; sourceTree = "<group>"; };
		EDD879E71B9BD91400C6D45C /* jian.png */ = {isa = PBXFileReference; lastKnownFileType = image.png; path = jian.png; sourceTree = "<group>"; };
		EDD879E81B9BD91400C6D45C /* navigationbg.png */ = {isa = PBXFileReference; lastKnownFileType = image.png; path = navigationbg.png; sourceTree = "<group>"; };
		EDD879E91B9BD91400C6D45C /* new_select@2x.png */ = {isa = PBXFileReference; lastKnownFileType = image.png; path = "new_select@2x.png"; sourceTree = "<group>"; };
		EDD879EA1B9BD91400C6D45C /* rightButton_storeList.png */ = {isa = PBXFileReference; lastKnownFileType = image.png; path = rightButton_storeList.png; sourceTree = "<group>"; };
		EDD879EB1B9BD91400C6D45C /* rightWhite_order1.png */ = {isa = PBXFileReference; lastKnownFileType = image.png; path = rightWhite_order1.png; sourceTree = "<group>"; };
/* End PBXFileReference section */

/* Begin PBXFrameworksBuildPhase section */
		EDD879A61B9BD08E00C6D45C /* Frameworks */ = {
			isa = PBXFrameworksBuildPhase;
			buildActionMask = 2147483647;
			files = (
			);
			runOnlyForDeploymentPostprocessing = 0;
		};
		EDD879BF1B9BD08E00C6D45C /* Frameworks */ = {
			isa = PBXFrameworksBuildPhase;
			buildActionMask = 2147483647;
			files = (
			);
			runOnlyForDeploymentPostprocessing = 0;
		};
/* End PBXFrameworksBuildPhase section */

/* Begin PBXGroup section */
		EDD879A01B9BD08E00C6D45C = {
			isa = PBXGroup;
			children = (
				EDD879DF1B9BD91400C6D45C /* Images */,
				EDD879D21B9BD13000C6D45C /* ViewController */,
				EDD879AB1B9BD08E00C6D45C /* UINavigationDemo1 */,
				EDD879C51B9BD08E00C6D45C /* UINavigationDemo1Tests */,
				EDD879AA1B9BD08E00C6D45C /* Products */,
			);
			sourceTree = "<group>";
		};
		EDD879AA1B9BD08E00C6D45C /* Products */ = {
			isa = PBXGroup;
			children = (
				EDD879A91B9BD08E00C6D45C /* UINavigationDemo1.app */,
				EDD879C21B9BD08E00C6D45C /* UINavigationDemo1Tests.xctest */,
			);
			name = Products;
			sourceTree = "<group>";
		};
		EDD879AB1B9BD08E00C6D45C /* UINavigationDemo1 */ = {
			isa = PBXGroup;
			children = (
				EDD879B01B9BD08E00C6D45C /* AppDelegate.h */,
				EDD879B11B9BD08E00C6D45C /* AppDelegate.m */,
				EDD879B31B9BD08E00C6D45C /* ViewController.h */,
				EDD879B41B9BD08E00C6D45C /* ViewController.m */,
				EDD879B61B9BD08E00C6D45C /* Main.storyboard */,
				EDD879B91B9BD08E00C6D45C /* Images.xcassets */,
				EDD879BB1B9BD08E00C6D45C /* LaunchScreen.xib */,
				EDD879AC1B9BD08E00C6D45C /* Supporting Files */,
			);
			path = UINavigationDemo1;
			sourceTree = "<group>";
		};
		EDD879AC1B9BD08E00C6D45C /* Supporting Files */ = {
			isa = PBXGroup;
			children = (
				EDD879AD1B9BD08E00C6D45C /* Info.plist */,
				EDD879AE1B9BD08E00C6D45C /* main.m */,
			);
			name = "Supporting Files";
			sourceTree = "<group>";
		};
		EDD879C51B9BD08E00C6D45C /* UINavigationDemo1Tests */ = {
			isa = PBXGroup;
			children = (
				EDD879C81B9BD08E00C6D45C /* UINavigationDemo1Tests.m */,
				EDD879C61B9BD08E00C6D45C /* Supporting Files */,
			);
			path = UINavigationDemo1Tests;
			sourceTree = "<group>";
		};
		EDD879C61B9BD08E00C6D45C /* Supporting Files */ = {
			isa = PBXGroup;
			children = (
				EDD879C71B9BD08E00C6D45C /* Info.plist */,
			);
			name = "Supporting Files";
			sourceTree = "<group>";
		};
		EDD879D21B9BD13000C6D45C /* ViewController */ = {
			isa = PBXGroup;
			children = (
				EDD879D31B9BD15200C6D45C /* RootViewController.h */,
				EDD879D41B9BD15200C6D45C /* RootViewController.m */,
				EDD879D61B9BD19100C6D45C /* FirstViewController.h */,
				EDD879D71B9BD19100C6D45C /* FirstViewController.m */,
				EDD879D91B9BD1A100C6D45C /* SecondViewController.h */,
				EDD879DA1B9BD1A100C6D45C /* SecondViewController.m */,
				EDD879DC1B9BD1AE00C6D45C /* ThirdViewController.h */,
				EDD879DD1B9BD1AE00C6D45C /* ThirdViewController.m */,
			);
			path = ViewController;
			sourceTree = "<group>";
		};
		EDD879DF1B9BD91400C6D45C /* Images */ = {
			isa = PBXGroup;
			children = (
				EDD879E01B9BD91400C6D45C /* back.png */,
				EDD879E11B9BD91400C6D45C /* btnbg.png */,
				EDD879E21B9BD91400C6D45C /* btntypeselect.png */,
				EDD879E31B9BD91400C6D45C /* btnUnselect.png */,
				EDD879E41B9BD91400C6D45C /* del.png */,
				EDD879E51B9BD91400C6D45C /* dw_order.png */,
				EDD879E61B9BD91400C6D45C /* jia.png */,
				EDD879E71B9BD91400C6D45C /* jian.png */,
				EDD879E81B9BD91400C6D45C /* navigationbg.png */,
				EDD879E91B9BD91400C6D45C /* new_select@2x.png */,
				EDD879EA1B9BD91400C6D45C /* rightButton_storeList.png */,
				EDD879EB1B9BD91400C6D45C /* rightWhite_order1.png */,
			);
			path = Images;
			sourceTree = "<group>";
		};
/* End PBXGroup section */

/* Begin PBXNativeTarget section */
		EDD879A81B9BD08E00C6D45C /* UINavigationDemo1 */ = {
			isa = PBXNativeTarget;
			buildConfigurationList = EDD879CC1B9BD08E00C6D45C /* Build configuration list for PBXNativeTarget "UINavigationDemo1" */;
			buildPhases = (
				EDD879A51B9BD08E00C6D45C /* Sources */,
				EDD879A61B9BD08E00C6D45C /* Frameworks */,
				EDD879A71B9BD08E00C6D45C /* Resources */,
			);
			buildRules = (
			);
			dependencies = (
			);
			name = UINavigationDemo1;
			productName = UINavigationDemo1;
			productReference = EDD879A91B9BD08E00C6D45C /* UINavigationDemo1.app */;
			productType = "com.apple.product-type.application";
		};
		EDD879C11B9BD08E00C6D45C /* UINavigationDemo1Tests */ = {
			isa = PBXNativeTarget;
			buildConfigurationList = EDD879CF1B9BD08E00C6D45C /* Build configuration list for PBXNativeTarget "UINavigationDemo1Tests" */;
			buildPhases = (
				EDD879BE1B9BD08E00C6D45C /* Sources */,
				EDD879BF1B9BD08E00C6D45C /* Frameworks */,
				EDD879C01B9BD08E00C6D45C /* Resources */,
			);
			buildRules = (
			);
			dependencies = (
				EDD879C41B9BD08E00C6D45C /* PBXTargetDependency */,
			);
			name = UINavigationDemo1Tests;
			productName = UINavigationDemo1Tests;
			productReference = EDD879C21B9BD08E00C6D45C /* UINavigationDemo1Tests.xctest */;
			productType = "com.apple.product-type.bundle.unit-test";
		};
/* End PBXNativeTarget section */

/* Begin PBXProject section */
		EDD879A11B9BD08E00C6D45C /* Project object */ = {
			isa = PBXProject;
			attributes = {
				LastUpgradeCheck = 0630;
				ORGANIZATIONNAME = qianfeng;
				TargetAttributes = {
					EDD879A81B9BD08E00C6D45C = {
						CreatedOnToolsVersion = 6.3;
					};
					EDD879C11B9BD08E00C6D45C = {
						CreatedOnToolsVersion = 6.3;
						TestTargetID = EDD879A81B9BD08E00C6D45C;
					};
				};
			};
			buildConfigurationList = EDD879A41B9BD08E00C6D45C /* Build configuration list for PBXProject "UINavigationDemo1" */;
			compatibilityVersion = "Xcode 3.2";
			developmentRegion = English;
			hasScannedForEncodings = 0;
			knownRegions = (
				en,
				Base,
			);
			mainGroup = EDD879A01B9BD08E00C6D45C;
			productRefGroup = EDD879AA1B9BD08E00C6D45C /* Products */;
			projectDirPath = "";
			projectRoot = "";
			targets = (
				EDD879A81B9BD08E00C6D45C /* UINavigationDemo1 */,
				EDD879C11B9BD08E00C6D45C /* UINavigationDemo1Tests */,
			);
		};
/* End PBXProject section */

/* Begin PBXResourcesBuildPhase section */
		EDD879A71B9BD08E00C6D45C /* Resources */ = {
			isa = PBXResourcesBuildPhase;
			buildActionMask = 2147483647;
			files = (
				EDD879F21B9BD91400C6D45C /* jia.png in Resources */,
				EDD879EC1B9BD91400C6D45C /* back.png in Resources */,
				EDD879B81B9BD08E00C6D45C /* Main.storyboard in Resources */,
				EDD879F11B9BD91400C6D45C /* dw_order.png in Resources */,
				EDD879F61B9BD91400C6D45C /* rightButton_storeList.png in Resources */,
				EDD879F71B9BD91400C6D45C /* rightWhite_order1.png in Resources */,
				EDD879EE1B9BD91400C6D45C /* btntypeselect.png in Resources */,
				EDD879EF1B9BD91400C6D45C /* btnUnselect.png in Resources */,
				EDD879ED1B9BD91400C6D45C /* btnbg.png in Resources */,
				EDD879BD1B9BD08E00C6D45C /* LaunchScreen.xib in Resources */,
				EDD879F41B9BD91400C6D45C /* navigationbg.png in Resources */,
				EDD879F31B9BD91400C6D45C /* jian.png in Resources */,
				EDD879BA1B9BD08E00C6D45C /* Images.xcassets in Resources */,
				EDD879F51B9BD91400C6D45C /* new_select@2x.png in Resources */,
				EDD879F01B9BD91400C6D45C /* del.png in Resources */,
			);
			runOnlyForDeploymentPostprocessing = 0;
		};
		EDD879C01B9BD08E00C6D45C /* Resources */ = {
			isa = PBXResourcesBuildPhase;
			buildActionMask = 2147483647;
			files = (
			);
			runOnlyForDeploymentPostprocessing = 0;
		};
/* End PBXResourcesBuildPhase section */

/* Begin PBXSourcesBuildPhase section */
		EDD879A51B9BD08E00C6D45C /* Sources */ = {
			isa = PBXSourcesBuildPhase;
			buildActionMask = 2147483647;
			files = (
				EDD879DB1B9BD1A100C6D45C /* SecondViewController.m in Sources */,
				EDD879B51B9BD08E00C6D45C /* ViewController.m in Sources */,
				EDD879B21B9BD08E00C6D45C /* AppDelegate.m in Sources */,
				EDD879D81B9BD19100C6D45C /* FirstViewController.m in Sources */,
				EDD879D51B9BD15200C6D45C /* RootViewController.m in Sources */,
				EDD879AF1B9BD08E00C6D45C /* main.m in Sources */,
				EDD879DE1B9BD1AE00C6D45C /* ThirdViewController.m in Sources */,
			);
			runOnlyForDeploymentPostprocessing = 0;
		};
		EDD879BE1B9BD08E00C6D45C /* Sources */ = {
			isa = PBXSourcesBuildPhase;
			buildActionMask = 2147483647;
			files = (
				EDD879C91B9BD08E00C6D45C /* UINavigationDemo1Tests.m in Sources */,
			);
			runOnlyForDeploymentPostprocessing = 0;
		};
/* End PBXSourcesBuildPhase section */

/* Begin PBXTargetDependency section */
		EDD879C41B9BD08E00C6D45C /* PBXTargetDependency */ = {
			isa = PBXTargetDependency;
			target = EDD879A81B9BD08E00C6D45C /* UINavigationDemo1 */;
			targetProxy = EDD879C31B9BD08E00C6D45C /* PBXContainerItemProxy */;
		};
/* End PBXTargetDependency section */

/* Begin PBXVariantGroup section */
		EDD879B61B9BD08E00C6D45C /* Main.storyboard */ = {
			isa = PBXVariantGroup;
			children = (
				EDD879B71B9BD08E00C6D45C /* Base */,
			);
			name = Main.storyboard;
			sourceTree = "<group>";
		};
		EDD879BB1B9BD08E00C6D45C /* LaunchScreen.xib */ = {
			isa = PBXVariantGroup;
			children = (
				EDD879BC1B9BD08E00C6D45C /* Base */,
			);
			name = LaunchScreen.xib;
			sourceTree = "<group>";
		};
/* End PBXVariantGroup section */

/* Begin XCBuildConfiguration section */
		EDD879CA1B9BD08E00C6D45C /* Debug */ = {
			isa = XCBuildConfiguration;
			buildSettings = {
				ALWAYS_SEARCH_USER_PATHS = NO;
				CLANG_CXX_LANGUAGE_STANDARD = "gnu++0x";
				CLANG_CXX_LIBRARY = "libc++";
				CLANG_ENABLE_MODULES = YES;
				CLANG_ENABLE_OBJC_ARC = YES;
				CLANG_WARN_BOOL_CONVERSION = YES;
				CLANG_WARN_CONSTANT_CONVERSION = YES;
				CLANG_WARN_DIRECT_OBJC_ISA_USAGE = YES_ERROR;
				CLANG_WARN_EMPTY_BODY = YES;
				CLANG_WARN_ENUM_CONVERSION = YES;
				CLANG_WARN_INT_CONVERSION = YES;
				CLANG_WARN_OBJC_ROOT_CLASS = YES_ERROR;
				CLANG_WARN_UNREACHABLE_CODE = YES;
				CLANG_WARN__DUPLICATE_METHOD_MATCH = YES;
				"CODE_SIGN_IDENTITY[sdk=iphoneos*]" = "iPhone Developer";
				COPY_PHASE_STRIP = NO;
				DEBUG_INFORMATION_FORMAT = "dwarf-with-dsym";
				ENABLE_STRICT_OBJC_MSGSEND = YES;
				GCC_C_LANGUAGE_STANDARD = gnu99;
				GCC_DYNAMIC_NO_PIC = NO;
				GCC_NO_COMMON_BLOCKS = YES;
				GCC_OPTIMIZATION_LEVEL = 0;
				GCC_PREPROCESSOR_DEFINITIONS = (
					"DEBUG=1",
					"$(inherited)",
				);
				GCC_SYMBOLS_PRIVATE_EXTERN = NO;
				GCC_WARN_64_TO_32_BIT_CONVERSION = YES;
				GCC_WARN_ABOUT_RETURN_TYPE = YES_ERROR;
				GCC_WARN_UNDECLARED_SELECTOR = YES;
				GCC_WARN_UNINITIALIZED_AUTOS = YES_AGGRESSIVE;
				GCC_WARN_UNUSED_FUNCTION = YES;
				GCC_WARN_UNUSED_VARIABLE = YES;
				IPHONEOS_DEPLOYMENT_TARGET = 8.3;
				MTL_ENABLE_DEBUG_INFO = YES;
				ONLY_ACTIVE_ARCH = YES;
				SDKROOT = iphoneos;
				TARGETED_DEVICE_FAMILY = "1,2";
			};
			name = Debug;
		};
		EDD879CB1B9BD08E00C6D45C /* Release */ = {
			isa = XCBuildConfiguration;
			buildSettings = {
				ALWAYS_SEARCH_USER_PATHS = NO;
				CLANG_CXX_LANGUAGE_STANDARD = "gnu++0x";
				CLANG_CXX_LIBRARY = "libc++";
				CLANG_ENABLE_MODULES = YES;
				CLANG_ENABLE_OBJC_ARC = YES;
				CLANG_WARN_BOOL_CONVERSION = YES;
				CLANG_WARN_CONSTANT_CONVERSION = YES;
				CLANG_WARN_DIRECT_OBJC_ISA_USAGE = YES_ERROR;
				CLANG_WARN_EMPTY_BODY = YES;
				CLANG_WARN_ENUM_CONVERSION = YES;
				CLANG_WARN_INT_CONVERSION = YES;
				CLANG_WARN_OBJC_ROOT_CLASS = YES_ERROR;
				CLANG_WARN_UNREACHABLE_CODE = YES;
				CLANG_WARN__DUPLICATE_METHOD_MATCH = YES;
				"CODE_SIGN_IDENTITY[sdk=iphoneos*]" = "iPhone Developer";
				COPY_PHASE_STRIP = NO;
				DEBUG_INFORMATION_FORMAT = "dwarf-with-dsym";
				ENABLE_NS_ASSERTIONS = NO;
				ENABLE_STRICT_OBJC_MSGSEND = YES;
				GCC_C_LANGUAGE_STANDARD = gnu99;
				GCC_NO_COMMON_BLOCKS = YES;
				GCC_WARN_64_TO_32_BIT_CONVERSION = YES;
				GCC_WARN_ABOUT_RETURN_TYPE = YES_ERROR;
				GCC_WARN_UNDECLARED_SELECTOR = YES;
				GCC_WARN_UNINITIALIZED_AUTOS = YES_AGGRESSIVE;
				GCC_WARN_UNUSED_FUNCTION = YES;
				GCC_WARN_UNUSED_VARIABLE = YES;
				IPHONEOS_DEPLOYMENT_TARGET = 8.3;
				MTL_ENABLE_DEBUG_INFO = NO;
				SDKROOT = iphoneos;
				TARGETED_DEVICE_FAMILY = "1,2";
				VALIDATE_PRODUCT = YES;
			};
			name = Release;
		};
		EDD879CD1B9BD08E00C6D45C /* Debug */ = {
			isa = XCBuildConfiguration;
			buildSettings = {
				ASSETCATALOG_COMPILER_APPICON_NAME = AppIcon;
				INFOPLIST_FILE = UINavigationDemo1/Info.plist;
				LD_RUNPATH_SEARCH_PATHS = "$(inherited) @executable_path/Frameworks";
				PRODUCT_NAME = "$(TARGET_NAME)";
			};
			name = Debug;
		};
		EDD879CE1B9BD08E00C6D45C /* Release */ = {
			isa = XCBuildConfiguration;
			buildSettings = {
				ASSETCATALOG_COMPILER_APPICON_NAME = AppIcon;
				INFOPLIST_FILE = UINavigationDemo1/Info.plist;
				LD_RUNPATH_SEARCH_PATHS = "$(inherited) @executable_path/Frameworks";
				PRODUCT_NAME = "$(TARGET_NAME)";
			};
			name = Release;
		};
		EDD879D01B9BD08E00C6D45C /* Debug */ = {
			isa = XCBuildConfiguration;
			buildSettings = {
				BUNDLE_LOADER = "$(TEST_HOST)";
				FRAMEWORK_SEARCH_PATHS = (
					"$(SDKROOT)/Developer/Library/Frameworks",
					"$(inherited)",
				);
				GCC_PREPROCESSOR_DEFINITIONS = (
					"DEBUG=1",
					"$(inherited)",
				);
				INFOPLIST_FILE = UINavigationDemo1Tests/Info.plist;
				LD_RUNPATH_SEARCH_PATHS = "$(inherited) @executable_path/Frameworks @loader_path/Frameworks";
				PRODUCT_NAME = "$(TARGET_NAME)";
				TEST_HOST = "$(BUILT_PRODUCTS_DIR)/UINavigationDemo1.app/UINavigationDemo1";
			};
			name = Debug;
		};
		EDD879D11B9BD08E00C6D45C /* Release */ = {
			isa = XCBuildConfiguration;
			buildSettings = {
				BUNDLE_LOADER = "$(TEST_HOST)";
				FRAMEWORK_SEARCH_PATHS = (
					"$(SDKROOT)/Developer/Library/Frameworks",
					"$(inherited)",
				);
				INFOPLIST_FILE = UINavigationDemo1Tests/Info.plist;
				LD_RUNPATH_SEARCH_PATHS = "$(inherited) @executable_path/Frameworks @loader_path/Frameworks";
				PRODUCT_NAME = "$(TARGET_NAME)";
				TEST_HOST = "$(BUILT_PRODUCTS_DIR)/UINavigationDemo1.app/UINavigationDemo1";
			};
			name = Release;
		};
/* End XCBuildConfiguration section */

/* Begin XCConfigurationList section */
		EDD879A41B9BD08E00C6D45C /* Build configuration list for PBXProject "UINavigationDemo1" */ = {
			isa = XCConfigurationList;
			buildConfigurations = (
				EDD879CA1B9BD08E00C6D45C /* Debug */,
				EDD879CB1B9BD08E00C6D45C /* Release */,
			);
			defaultConfigurationIsVisible = 0;
			defaultConfigurationName = Release;
		};
		EDD879CC1B9BD08E00C6D45C /* Build configuration list for PBXNativeTarget "UINavigationDemo1" */ = {
			isa = XCConfigurationList;
			buildConfigurations = (
				EDD879CD1B9BD08E00C6D45C /* Debug */,
				EDD879CE1B9BD08E00C6D45C /* Release */,
			);
			defaultConfigurationIsVisible = 0;
		};
		EDD879CF1B9BD08E00C6D45C /* Build configuration list for PBXNativeTarget "UINavigationDemo1Tests" */ = {
			isa = XCConfigurationList;
			buildConfigurations = (
				EDD879D01B9BD08E00C6D45C /* Debug */,
				EDD879D11B9BD08E00C6D45C /* Release */,
			);
			defaultConfigurationIsVisible = 0;
		};
/* End XCConfigurationList section */
	};
	rootObject = EDD879A11B9BD08E00C6D45C /* Project object */;
}
